
Microsoft Visual Studio Solution File, Format Version 12.00
# Visual Studio Version 16
VisualStudioVersion = 16.0.31005.135
MinimumVisualStudioVersion = 10.0.40219.1
Project("{FAE04EC0-301F-11D3-BF4B-00C04F79EFBC}") = "IsCrawler", "IsCrawler\IsCrawler.csproj", "{18FFCFE8-A469-41FA-930B-D28ABB383429}"
EndProject
Global
	GlobalSection(SolutionConfigurationPlatforms) = preSolution
		Debug|Any CPU = Debug|Any CPU
		Release|Any CPU = Release|Any CPU
	EndGlobalSection
	GlobalSection(ProjectConfigurationPlatforms) = postSolution
		{18FFCFE8-A469-41FA-930B-D28ABB383429}.Debug|Any CPU.ActiveCfg = Debug|Any CPU
		{18FFCFE8-A469-41FA-930B-D28ABB383429}.Debug|Any CPU.Build.0 = Debug|Any CPU
		{18FFCFE8-A469-41FA-930B-D28ABB383429}.Release|Any CPU.ActiveCfg = Release|Any CPU
		{18FFCFE8-A469-41FA-930B-D28ABB383429}.Release|Any CPU.Build.0 = Release|Any CPU
	EndGlobalSection
	GlobalSection(SolutionProperties) = preSolution
		HideSolutionNode = FALSE
	EndGlobalSection
	GlobalSection(ExtensibilityGlobals) = postSolution
		SolutionGuid = {2D42BF68-C5C8-4B71-88FC-A413B783CAC4}
	EndGlobalSection
EndGlobal
